
Microsoft Visual Studio Solution File, Format Version 12.00
# Visual Studio Version 17
VisualStudioVersion = 17.2.32516.85
MinimumVisualStudioVersion = 10.0.40219.1
Project("{FAE04EC0-301F-11D3-BF4B-00C04F79EFBC}") = "OData_Demo", "OData_Demo\OData_Demo.csproj", "{5057776F-EA79-4E38-96BD-08C086937573}"
EndProject
Global
	GlobalSection(SolutionConfigurationPlatforms) = preSolution
		Debug|Any CPU = Debug|Any CPU
		Release|Any CPU = Release|Any CPU
	EndGlobalSection
	GlobalSection(ProjectConfigurationPlatforms) = postSolution
		{5057776F-EA79-4E38-96BD-08C086937573}.Debug|Any CPU.ActiveCfg = Debug|Any CPU
		{5057776F-EA79-4E38-96BD-08C086937573}.Debug|Any CPU.Build.0 = Debug|Any CPU
		{5057776F-EA79-4E38-96BD-08C086937573}.Release|Any CPU.ActiveCfg = Release|Any CPU
		{5057776F-EA79-4E38-96BD-08C086937573}.Release|Any CPU.Build.0 = Release|Any CPU
	EndGlobalSection
	GlobalSection(SolutionProperties) = preSolution
		HideSolutionNode = FALSE
	EndGlobalSection
	GlobalSection(ExtensibilityGlobals) = postSolution
		SolutionGuid = {0E626177-89C8-445D-97B0-D505C7AA6249}
	EndGlobalSection
EndGlobal
